// !$*UTF8*$!
{
	archiveVersion = 1;
	classes = {
	};
	objectVersion = 55;
	objects = {

/* Begin PBXBuildFile section */
		45318D4528587EB9007C1C40 /* RollTheDiceApp.swift in Sources */ = {isa = PBXBuildFile; fileRef = 45318D4428587EB9007C1C40 /* RollTheDiceApp.swift */; };
		45318D4728587EB9007C1C40 /* ContentView.swift in Sources */ = {isa = PBXBuildFile; fileRef = 45318D4628587EB9007C1C40 /* ContentView.swift */; };
		45318D4928587EBA007C1C40 /* Assets.xcassets in Resources */ = {isa = PBXBuildFile; fileRef = 45318D4828587EBA007C1C40 /* Assets.xcassets */; };
		45318D4C28587EBA007C1C40 /* Preview Assets.xcassets in Resources */ = {isa = PBXBuildFile; fileRef = 45318D4B28587EBA007C1C40 /* Preview Assets.xcassets */; };
		45318D542858A06F007C1C40 /* DeviceMotion.swift in Sources */ = {isa = PBXBuildFile; fileRef = 45318D532858A06F007C1C40 /* DeviceMotion.swift */; };
		45318D562858DF53007C1C40 /* ResultView.swift in Sources */ = {isa = PBXBuildFile; fileRef = 45318D552858DF53007C1C40 /* ResultView.swift */; };
		45AC2ED2285C4AC90070F5EC /* Example.swift in Sources */ = {isa = PBXBuildFile; fileRef = 45AC2ED1285C4AC90070F5EC /* Example.swift */; };
		45B432F72859C414007A66E3 /* Dice.swift in Sources */ = {isa = PBXBuildFile; fileRef = 45B432F62859C414007A66E3 /* Dice.swift */; };
		45BEACD528605E0C00F46169 /* History.swift in Sources */ = {isa = PBXBuildFile; fileRef = 45BEACD428605E0C00F46169 /* History.swift */; };
		45BEACD8286066A000F46169 /* GameManager.swift in Sources */ = {isa = PBXBuildFile; fileRef = 45BEACD7286066A000F46169 /* GameManager.swift */; };
		45BEACDD286071A200F46169 /* HistoryView.swift in Sources */ = {isa = PBXBuildFile; fileRef = 45BEACDC286071A200F46169 /* HistoryView.swift */; };
		45DE06E12861C2F30025F9D8 /* HistoryDetailView.swift in Sources */ = {isa = PBXBuildFile; fileRef = 45DE06E02861C2F30025F9D8 /* HistoryDetailView.swift */; };
		45DE06E32861CA530025F9D8 /* DocumentDirectory.swift in Sources */ = {isa = PBXBuildFile; fileRef = 45DE06E22861CA530025F9D8 /* DocumentDirectory.swift */; };
		45E17BD0285C70AA0065BEA0 /* Motions.swift in Sources */ = {isa = PBXBuildFile; fileRef = 45E17BCF285C70AA0065BEA0 /* Motions.swift */; };
		45F7BAA6285F51ED00BE781B /* Haptics.swift in Sources */ = {isa = PBXBuildFile; fileRef = 45F7BAA5285F51ED00BE781B /* Haptics.swift */; };
		45F7BAB3285F6DB200BE781B /* OneFace.swift in Sources */ = {isa = PBXBuildFile; fileRef = 45F7BAB2285F6DB200BE781B /* OneFace.swift */; };
		45F7BAB6285F6E3800BE781B /* TwoFace.swift in Sources */ = {isa = PBXBuildFile; fileRef = 45F7BAB5285F6E3800BE781B /* TwoFace.swift */; };
		45F7BAB8285F6E5800BE781B /* ThreeFace.swift in Sources */ = {isa = PBXBuildFile; fileRef = 45F7BAB7285F6E5800BE781B /* ThreeFace.swift */; };
		45F7BABA285F6E9A00BE781B /* FourFace.swift in Sources */ = {isa = PBXBuildFile; fileRef = 45F7BAB9285F6E9A00BE781B /* FourFace.swift */; };
		45F7BABC285F6ED000BE781B /* FiveFace.swift in Sources */ = {isa = PBXBuildFile; fileRef = 45F7BABB285F6ED000BE781B /* FiveFace.swift */; };
		45F7BABE285F6EEB00BE781B /* SixFace.swift in Sources */ = {isa = PBXBuildFile; fileRef = 45F7BABD285F6EEB00BE781B /* SixFace.swift */; };
		45F7BAC0285F709500BE781B /* DiceView.swift in Sources */ = {isa = PBXBuildFile; fileRef = 45F7BABF285F709500BE781B /* DiceView.swift */; };
/* End PBXBuildFile section */

/* Begin PBXFileReference section */
		45318D4128587EB9007C1C40 /* RollTheDice.app */ = {isa = PBXFileReference; explicitFileType = wrapper.application; includeInIndex = 0; path = RollTheDice.app; sourceTree = BUILT_PRODUCTS_DIR; };
		45318D4428587EB9007C1C40 /* RollTheDiceApp.swift */ = {isa = PBXFileReference; lastKnownFileType = sourcecode.swift; path = RollTheDiceApp.swift; sourceTree = "<group>"; };
		45318D4628587EB9007C1C40 /* ContentView.swift */ = {isa = PBXFileReference; lastKnownFileType = sourcecode.swift; path = ContentView.swift; sourceTree = "<group>"; };
		45318D4828587EBA007C1C40 /* Assets.xcassets */ = {isa = PBXFileReference; lastKnownFileType = folder.assetcatalog; path = Assets.xcassets; sourceTree = "<group>"; };
		45318D4B28587EBA007C1C40 /* Preview Assets.xcassets */ = {isa = PBXFileReference; lastKnownFileType = folder.assetcatalog; path = "Preview Assets.xcassets"; sourceTree = "<group>"; };
		45318D532858A06F007C1C40 /* DeviceMotion.swift */ = {isa = PBXFileReference; lastKnownFileType = sourcecode.swift; path = DeviceMotion.swift; sourceTree = "<group>"; };
		45318D552858DF53007C1C40 /* ResultView.swift */ = {isa = PBXFileReference; lastKnownFileType = sourcecode.swift; path = ResultView.swift; sourceTree = "<group>"; };
		45AC2ED1285C4AC90070F5EC /* Example.swift */ = {isa = PBXFileReference; lastKnownFileType = sourcecode.swift; path = Example.swift; sourceTree = "<group>"; };
		45B432F62859C414007A66E3 /* Dice.swift */ = {isa = PBXFileReference; lastKnownFileType = sourcecode.swift; path = Dice.swift; sourceTree = "<group>"; };
		45BEACD428605E0C00F46169 /* History.swift */ = {isa = PBXFileReference; lastKnownFileType = sourcecode.swift; path = History.swift; sourceTree = "<group>"; };
		45BEACD7286066A000F46169 /* GameManager.swift */ = {isa = PBXFileReference; lastKnownFileType = sourcecode.swift; path = GameManager.swift; sourceTree = "<group>"; };
		45BEACDC286071A200F46169 /* HistoryView.swift */ = {isa = PBXFileReference; lastKnownFileType = sourcecode.swift; path = HistoryView.swift; sourceTree = "<group>"; };
		45DE06E02861C2F30025F9D8 /* HistoryDetailView.swift */ = {isa = PBXFileReference; lastKnownFileType = sourcecode.swift; path = HistoryDetailView.swift; sourceTree = "<group>"; };
		45DE06E22861CA530025F9D8 /* DocumentDirectory.swift */ = {isa = PBXFileReference; lastKnownFileType = sourcecode.swift; path = DocumentDirectory.swift; sourceTree = "<group>"; };
		45E17BCF285C70AA0065BEA0 /* Motions.swift */ = {isa = PBXFileReference; lastKnownFileType = sourcecode.swift; path = Motions.swift; sourceTree = "<group>"; };
		45F7BAA5285F51ED00BE781B /* Haptics.swift */ = {isa = PBXFileReference; lastKnownFileType = sourcecode.swift; path = Haptics.swift; sourceTree = "<group>"; };
		45F7BAB2285F6DB200BE781B /* OneFace.swift */ = {isa = PBXFileReference; lastKnownFileType = sourcecode.swift; path = OneFace.swift; sourceTree = "<group>"; };
		45F7BAB5285F6E3800BE781B /* TwoFace.swift */ = {isa = PBXFileReference; lastKnownFileType = sourcecode.swift; path = TwoFace.swift; sourceTree = "<group>"; };
		45F7BAB7285F6E5800BE781B /* ThreeFace.swift */ = {isa = PBXFileReference; lastKnownFileType = sourcecode.swift; path = ThreeFace.swift; sourceTree = "<group>"; };
		45F7BAB9285F6E9A00BE781B /* FourFace.swift */ = {isa = PBXFileReference; lastKnownFileType = sourcecode.swift; path = FourFace.swift; sourceTree = "<group>"; };
		45F7BABB285F6ED000BE781B /* FiveFace.swift */ = {isa = PBXFileReference; lastKnownFileType = sourcecode.swift; path = FiveFace.swift; sourceTree = "<group>"; };
		45F7BABD285F6EEB00BE781B /* SixFace.swift */ = {isa = PBXFileReference; lastKnownFileType = sourcecode.swift; path = SixFace.swift; sourceTree = "<group>"; };
		45F7BABF285F709500BE781B /* DiceView.swift */ = {isa = PBXFileReference; lastKnownFileType = sourcecode.swift; path = DiceView.swift; sourceTree = "<group>"; };
/* End PBXFileReference section */

/* Begin PBXFrameworksBuildPhase section */
		45318D3E28587EB9007C1C40 /* Frameworks */ = {
			isa = PBXFrameworksBuildPhase;
			buildActionMask = 2147483647;
			files = (
			);
			runOnlyForDeploymentPostprocessing = 0;
		};
/* End PBXFrameworksBuildPhase section */

/* Begin PBXGroup section */
		45318D3828587EB9007C1C40 = {
			isa = PBXGroup;
			children = (
				45318D4328587EB9007C1C40 /* RollTheDice */,
				45318D4228587EB9007C1C40 /* Products */,
			);
			sourceTree = "<group>";
		};
		45318D4228587EB9007C1C40 /* Products */ = {
			isa = PBXGroup;
			children = (
				45318D4128587EB9007C1C40 /* RollTheDice.app */,
			);
			name = Products;
			sourceTree = "<group>";
		};
		45318D4328587EB9007C1C40 /* RollTheDice */ = {
			isa = PBXGroup;
			children = (
				45318D4428587EB9007C1C40 /* RollTheDiceApp.swift */,
				45BEACD9286066AB00F46169 /* ViewModel */,
				45BEACD62860621A00F46169 /* Model */,
				45F7BAA7285F651200BE781B /* View */,
				45F7BAA8285F652A00BE781B /* Utilities */,
				45318D522858A03F007C1C40 /* Experiments */,
				45318D4828587EBA007C1C40 /* Assets.xcassets */,
				45318D4A28587EBA007C1C40 /* Preview Content */,
			);
			path = RollTheDice;
			sourceTree = "<group>";
		};
		45318D4A28587EBA007C1C40 /* Preview Content */ = {
			isa = PBXGroup;
			children = (
				45318D4B28587EBA007C1C40 /* Preview Assets.xcassets */,
			);
			path = "Preview Content";
			sourceTree = "<group>";
		};
		45318D522858A03F007C1C40 /* Experiments */ = {
			isa = PBXGroup;
			children = (
				45318D532858A06F007C1C40 /* DeviceMotion.swift */,
				45318D552858DF53007C1C40 /* ResultView.swift */,
				45AC2ED1285C4AC90070F5EC /* Example.swift */,
			);
			path = Experiments;
			sourceTree = "<group>";
		};
		45BEACD62860621A00F46169 /* Model */ = {
			isa = PBXGroup;
			children = (
				45BEACD428605E0C00F46169 /* History.swift */,
			);
			path = Model;
			sourceTree = "<group>";
		};
		45BEACD9286066AB00F46169 /* ViewModel */ = {
			isa = PBXGroup;
			children = (
				45BEACD7286066A000F46169 /* GameManager.swift */,
			);
			path = ViewModel;
			sourceTree = "<group>";
		};
		45F7BAA7285F651200BE781B /* View */ = {
			isa = PBXGroup;
			children = (
				45318D4628587EB9007C1C40 /* ContentView.swift */,
				45BEACDC286071A200F46169 /* HistoryView.swift */,
				45DE06E02861C2F30025F9D8 /* HistoryDetailView.swift */,
				45F7BABF285F709500BE781B /* DiceView.swift */,
				45F7BAB4285F6DB900BE781B /* DiceFaces */,
			);
			path = View;
			sourceTree = "<group>";
		};
		45F7BAA8285F652A00BE781B /* Utilities */ = {
			isa = PBXGroup;
			children = (
				45B432F62859C414007A66E3 /* Dice.swift */,
				45E17BCF285C70AA0065BEA0 /* Motions.swift */,
				45F7BAA5285F51ED00BE781B /* Haptics.swift */,
				45DE06E22861CA530025F9D8 /* DocumentDirectory.swift */,
			);
			path = Utilities;
			sourceTree = "<group>";
		};
		45F7BAB4285F6DB900BE781B /* DiceFaces */ = {
			isa = PBXGroup;
			children = (
				45F7BAB2285F6DB200BE781B /* OneFace.swift */,
				45F7BAB5285F6E3800BE781B /* TwoFace.swift */,
				45F7BAB7285F6E5800BE781B /* ThreeFace.swift */,
				45F7BAB9285F6E9A00BE781B /* FourFace.swift */,
				45F7BABB285F6ED000BE781B /* FiveFace.swift */,
				45F7BABD285F6EEB00BE781B /* SixFace.swift */,
			);
			path = DiceFaces;
			sourceTree = "<group>";
		};
/* End PBXGroup section */

/* Begin PBXNativeTarget section */
		45318D4028587EB9007C1C40 /* RollTheDice */ = {
			isa = PBXNativeTarget;
			buildConfigurationList = 45318D4F28587EBA007C1C40 /* Build configuration list for PBXNativeTarget "RollTheDice" */;
			buildPhases = (
				45318D3D28587EB9007C1C40 /* Sources */,
				45318D3E28587EB9007C1C40 /* Frameworks */,
				45318D3F28587EB9007C1C40 /* Resources */,
			);
			buildRules = (
			);
			dependencies = (
			);
			name = RollTheDice;
			productName = RollTheDice;
			productReference = 45318D4128587EB9007C1C40 /* RollTheDice.app */;
			productType = "com.apple.product-type.application";
		};
/* End PBXNativeTarget section */

/* Begin PBXProject section */
		45318D3928587EB9007C1C40 /* Project object */ = {
			isa = PBXProject;
			attributes = {
				BuildIndependentTargetsInParallel = 1;
				LastSwiftUpdateCheck = 1340;
				LastUpgradeCheck = 1340;
				TargetAttributes = {
					45318D4028587EB9007C1C40 = {
						CreatedOnToolsVersion = 13.4;
					};
				};
			};
			buildConfigurationList = 45318D3C28587EB9007C1C40 /* Build configuration list for PBXProject "RollTheDice" */;
			compatibilityVersion = "Xcode 13.0";
			developmentRegion = en;
			hasScannedForEncodings = 0;
			knownRegions = (
				en,
				Base,
			);
			mainGroup = 45318D3828587EB9007C1C40;
			productRefGroup = 45318D4228587EB9007C1C40 /* Products */;
			projectDirPath = "";
			projectRoot = "";
			targets = (
				45318D4028587EB9007C1C40 /* RollTheDice */,
			);
		};
/* End PBXProject section */

/* Begin PBXResourcesBuildPhase section */
		45318D3F28587EB9007C1C40 /* Resources */ = {
			isa = PBXResourcesBuildPhase;
			buildActionMask = 2147483647;
			files = (
				45318D4C28587EBA007C1C40 /* Preview Assets.xcassets in Resources */,
				45318D4928587EBA007C1C40 /* Assets.xcassets in Resources */,
			);
			runOnlyForDeploymentPostprocessing = 0;
		};
/* End PBXResourcesBuildPhase section */

/* Begin PBXSourcesBuildPhase section */
		45318D3D28587EB9007C1C40 /* Sources */ = {
			isa = PBXSourcesBuildPhase;
			buildActionMask = 2147483647;
			files = (
				45BEACD8286066A000F46169 /* GameManager.swift in Sources */,
				45318D4728587EB9007C1C40 /* ContentView.swift in Sources */,
				45DE06E32861CA530025F9D8 /* DocumentDirectory.swift in Sources */,
				45F7BAC0285F709500BE781B /* DiceView.swift in Sources */,
				45318D562858DF53007C1C40 /* ResultView.swift in Sources */,
				45F7BABA285F6E9A00BE781B /* FourFace.swift in Sources */,
				45AC2ED2285C4AC90070F5EC /* Example.swift in Sources */,
				45DE06E12861C2F30025F9D8 /* HistoryDetailView.swift in Sources */,
				45B432F72859C414007A66E3 /* Dice.swift in Sources */,
				45F7BABE285F6EEB00BE781B /* SixFace.swift in Sources */,
				45F7BAA6285F51ED00BE781B /* Haptics.swift in Sources */,
				45F7BABC285F6ED000BE781B /* FiveFace.swift in Sources */,
				45F7BAB6285F6E3800BE781B /* TwoFace.swift in Sources */,
				45BEACDD286071A200F46169 /* HistoryView.swift in Sources */,
				45E17BD0285C70AA0065BEA0 /* Motions.swift in Sources */,
				45318D4528587EB9007C1C40 /* RollTheDiceApp.swift in Sources */,
				45F7BAB8285F6E5800BE781B /* ThreeFace.swift in Sources */,
				45BEACD528605E0C00F46169 /* History.swift in Sources */,
				45F7BAB3285F6DB200BE781B /* OneFace.swift in Sources */,
				45318D542858A06F007C1C40 /* DeviceMotion.swift in Sources */,
			);
			runOnlyForDeploymentPostprocessing = 0;
		};
/* End PBXSourcesBuildPhase section */

/* Begin XCBuildConfiguration section */
		45318D4D28587EBA007C1C40 /* Debug */ = {
			isa = XCBuildConfiguration;
			buildSettings = {
				ALWAYS_SEARCH_USER_PATHS = NO;
				CLANG_ANALYZER_NONNULL = YES;
				CLANG_ANALYZER_NUMBER_OBJECT_CONVERSION = YES_AGGRESSIVE;
				CLANG_CXX_LANGUAGE_STANDARD = "gnu++17";
				CLANG_ENABLE_MODULES = YES;
				CLANG_ENABLE_OBJC_ARC = YES;
				CLANG_ENABLE_OBJC_WEAK = YES;
				CLANG_WARN_BLOCK_CAPTURE_AUTORELEASING = YES;
				CLANG_WARN_BOOL_CONVERSION = YES;
				CLANG_WARN_COMMA = YES;
				CLANG_WARN_CONSTANT_CONVERSION = YES;
				CLANG_WARN_DEPRECATED_OBJC_IMPLEMENTATIONS = YES;
				CLANG_WARN_DIRECT_OBJC_ISA_USAGE = YES_ERROR;
				CLANG_WARN_DOCUMENTATION_COMMENTS = YES;
				CLANG_WARN_EMPTY_BODY = YES;
				CLANG_WARN_ENUM_CONVERSION = YES;
				CLANG_WARN_INFINITE_RECURSION = YES;
				CLANG_WARN_INT_CONVERSION = YES;
				CLANG_WARN_NON_LITERAL_NULL_CONVERSION = YES;
				CLANG_WARN_OBJC_IMPLICIT_RETAIN_SELF = YES;
				CLANG_WARN_OBJC_LITERAL_CONVERSION = YES;
				CLANG_WARN_OBJC_ROOT_CLASS = YES_ERROR;
				CLANG_WARN_QUOTED_INCLUDE_IN_FRAMEWORK_HEADER = YES;
				CLANG_WARN_RANGE_LOOP_ANALYSIS = YES;
				CLANG_WARN_STRICT_PROTOTYPES = YES;
				CLANG_WARN_SUSPICIOUS_MOVE = YES;
				CLANG_WARN_UNGUARDED_AVAILABILITY = YES_AGGRESSIVE;
				CLANG_WARN_UNREACHABLE_CODE = YES;
				CLANG_WARN__DUPLICATE_METHOD_MATCH = YES;
				COPY_PHASE_STRIP = NO;
				DEBUG_INFORMATION_FORMAT = dwarf;
				ENABLE_STRICT_OBJC_MSGSEND = YES;
				ENABLE_TESTABILITY = YES;
				GCC_C_LANGUAGE_STANDARD = gnu11;
				GCC_DYNAMIC_NO_PIC = NO;
				GCC_NO_COMMON_BLOCKS = YES;
				GCC_OPTIMIZATION_LEVEL = 0;
				GCC_PREPROCESSOR_DEFINITIONS = (
					"DEBUG=1",
					"$(inherited)",
				);
				GCC_WARN_64_TO_32_BIT_CONVERSION = YES;
				GCC_WARN_ABOUT_RETURN_TYPE = YES_ERROR;
				GCC_WARN_UNDECLARED_SELECTOR = YES;
				GCC_WARN_UNINITIALIZED_AUTOS = YES_AGGRESSIVE;
				GCC_WARN_UNUSED_FUNCTION = YES;
				GCC_WARN_UNUSED_VARIABLE = YES;
				IPHONEOS_DEPLOYMENT_TARGET = 15.5;
				MTL_ENABLE_DEBUG_INFO = INCLUDE_SOURCE;
				MTL_FAST_MATH = YES;
				ONLY_ACTIVE_ARCH = YES;
				SDKROOT = iphoneos;
				SWIFT_ACTIVE_COMPILATION_CONDITIONS = DEBUG;
				SWIFT_OPTIMIZATION_LEVEL = "-Onone";
			};
			name = Debug;
		};
		45318D4E28587EBA007C1C40 /* Release */ = {
			isa = XCBuildConfiguration;
			buildSettings = {
				ALWAYS_SEARCH_USER_PATHS = NO;
				CLANG_ANALYZER_NONNULL = YES;
				CLANG_ANALYZER_NUMBER_OBJECT_CONVERSION = YES_AGGRESSIVE;
				CLANG_CXX_LANGUAGE_STANDARD = "gnu++17";
				CLANG_ENABLE_MODULES = YES;
				CLANG_ENABLE_OBJC_ARC = YES;
				CLANG_ENABLE_OBJC_WEAK = YES;
				CLANG_WARN_BLOCK_CAPTURE_AUTORELEASING = YES;
				CLANG_WARN_BOOL_CONVERSION = YES;
				CLANG_WARN_COMMA = YES;
				CLANG_WARN_CONSTANT_CONVERSION = YES;
				CLANG_WARN_DEPRECATED_OBJC_IMPLEMENTATIONS = YES;
				CLANG_WARN_DIRECT_OBJC_ISA_USAGE = YES_ERROR;
				CLANG_WARN_DOCUMENTATION_COMMENTS = YES;
				CLANG_WARN_EMPTY_BODY = YES;
				CLANG_WARN_ENUM_CONVERSION = YES;
				CLANG_WARN_INFINITE_RECURSION = YES;
				CLANG_WARN_INT_CONVERSION = YES;
				CLANG_WARN_NON_LITERAL_NULL_CONVERSION = YES;
				CLANG_WARN_OBJC_IMPLICIT_RETAIN_SELF = YES;
				CLANG_WARN_OBJC_LITERAL_CONVERSION = YES;
				CLANG_WARN_OBJC_ROOT_CLASS = YES_ERROR;
				CLANG_WARN_QUOTED_INCLUDE_IN_FRAMEWORK_HEADER = YES;
				CLANG_WARN_RANGE_LOOP_ANALYSIS = YES;
				CLANG_WARN_STRICT_PROTOTYPES = YES;
				CLANG_WARN_SUSPICIOUS_MOVE = YES;
				CLANG_WARN_UNGUARDED_AVAILABILITY = YES_AGGRESSIVE;
				CLANG_WARN_UNREACHABLE_CODE = YES;
				CLANG_WARN__DUPLICATE_METHOD_MATCH = YES;
				COPY_PHASE_STRIP = NO;
				DEBUG_INFORMATION_FORMAT = "dwarf-with-dsym";
				ENABLE_NS_ASSERTIONS = NO;
				ENABLE_STRICT_OBJC_MSGSEND = YES;
				GCC_C_LANGUAGE_STANDARD = gnu11;
				GCC_NO_COMMON_BLOCKS = YES;
				GCC_WARN_64_TO_32_BIT_CONVERSION = YES;
				GCC_WARN_ABOUT_RETURN_TYPE = YES_ERROR;
				GCC_WARN_UNDECLARED_SELECTOR = YES;
				GCC_WARN_UNINITIALIZED_AUTOS = YES_AGGRESSIVE;
				GCC_WARN_UNUSED_FUNCTION = YES;
				GCC_WARN_UNUSED_VARIABLE = YES;
				IPHONEOS_DEPLOYMENT_TARGET = 15.5;
				MTL_ENABLE_DEBUG_INFO = NO;
				MTL_FAST_MATH = YES;
				SDKROOT = iphoneos;
				SWIFT_COMPILATION_MODE = wholemodule;
				SWIFT_OPTIMIZATION_LEVEL = "-O";
				VALIDATE_PRODUCT = YES;
			};
			name = Release;
		};
		45318D5028587EBA007C1C40 /* Debug */ = {
			isa = XCBuildConfiguration;
			buildSettings = {
				ASSETCATALOG_COMPILER_APPICON_NAME = AppIcon;
				ASSETCATALOG_COMPILER_GLOBAL_ACCENT_COLOR_NAME = AccentColor;
				CODE_SIGN_STYLE = Automatic;
				CURRENT_PROJECT_VERSION = 1;
				DEVELOPMENT_ASSET_PATHS = "\"RollTheDice/Preview Content\"";
				DEVELOPMENT_TEAM = 928Q5FMY5V;
				ENABLE_PREVIEWS = YES;
				GENERATE_INFOPLIST_FILE = YES;
				INFOPLIST_KEY_UIApplicationSceneManifest_Generation = YES;
				INFOPLIST_KEY_UIApplicationSupportsIndirectInputEvents = YES;
				INFOPLIST_KEY_UILaunchScreen_Generation = YES;
				INFOPLIST_KEY_UISupportedInterfaceOrientations = UIInterfaceOrientationPortrait;
				INFOPLIST_KEY_UISupportedInterfaceOrientations_iPhone = UIInterfaceOrientationPortrait;
				IPHONEOS_DEPLOYMENT_TARGET = 15.5;
				LD_RUNPATH_SEARCH_PATHS = (
					"$(inherited)",
					"@executable_path/Frameworks",
				);
				MARKETING_VERSION = 1.0;
				PRODUCT_BUNDLE_IDENTIFIER = me.schatton.thomas.RollTheDice;
				PRODUCT_NAME = "$(TARGET_NAME)";
				SWIFT_EMIT_LOC_STRINGS = YES;
				SWIFT_VERSION = 5.0;
				TARGETED_DEVICE_FAMILY = 1;
			};
			name = Debug;
		};
		45318D5128587EBA007C1C40 /* Release */ = {
			isa = XCBuildConfiguration;
			buildSettings = {
				ASSETCATALOG_COMPILER_APPICON_NAME = AppIcon;
				ASSETCATALOG_COMPILER_GLOBAL_ACCENT_COLOR_NAME = AccentColor;
				CODE_SIGN_STYLE = Automatic;
				CURRENT_PROJECT_VERSION = 1;
				DEVELOPMENT_ASSET_PATHS = "\"RollTheDice/Preview Content\"";
				DEVELOPMENT_TEAM = 928Q5FMY5V;
				ENABLE_PREVIEWS = YES;
				GENERATE_INFOPLIST_FILE = YES;
				INFOPLIST_KEY_UIApplicationSceneManifest_Generation = YES;
				INFOPLIST_KEY_UIApplicationSupportsIndirectInputEvents = YES;
				INFOPLIST_KEY_UILaunchScreen_Generation = YES;
				INFOPLIST_KEY_UISupportedInterfaceOrientations = UIInterfaceOrientationPortrait;
				INFOPLIST_KEY_UISupportedInterfaceOrientations_iPhone = UIInterfaceOrientationPortrait;
				IPHONEOS_DEPLOYMENT_TARGET = 15.5;
				LD_RUNPATH_SEARCH_PATHS = (
					"$(inherited)",
					"@executable_path/Frameworks",
				);
				MARKETING_VERSION = 1.0;
				PRODUCT_BUNDLE_IDENTIFIER = me.schatton.thomas.RollTheDice;
				PRODUCT_NAME = "$(TARGET_NAME)";
				SWIFT_EMIT_LOC_STRINGS = YES;
				SWIFT_VERSION = 5.0;
				TARGETED_DEVICE_FAMILY = 1;
			};
			name = Release;
		};
/* End XCBuildConfiguration section */

/* Begin XCConfigurationList section */
		45318D3C28587EB9007C1C40 /* Build configuration list for PBXProject "RollTheDice" */ = {
			isa = XCConfigurationList;
			buildConfigurations = (
				45318D4D28587EBA007C1C40 /* Debug */,
				45318D4E28587EBA007C1C40 /* Release */,
			);
			defaultConfigurationIsVisible = 0;
			defaultConfigurationName = Release;
		};
		45318D4F28587EBA007C1C40 /* Build configuration list for PBXNativeTarget "RollTheDice" */ = {
			isa = XCConfigurationList;
			buildConfigurations = (
				45318D5028587EBA007C1C40 /* Debug */,
				45318D5128587EBA007C1C40 /* Release */,
			);
			defaultConfigurationIsVisible = 0;
			defaultConfigurationName = Release;
		};
/* End XCConfigurationList section */
	};
	rootObject = 45318D3928587EB9007C1C40 /* Project object */;
}
